
Microsoft Visual Studio Solution File, Format Version 12.00
# Visual Studio 15
VisualStudioVersion = 15.0.26730.12
MinimumVisualStudioVersion = 10.0.40219.1
Project("{FAE04EC0-301F-11D3-BF4B-00C04F79EFBC}") = "Unit Converter", "Unit Converter\Unit Converter.csproj", "{CB827154-1AA6-4FD1-953E-859ADEE5758E}"
EndProject
Global
	GlobalSection(SolutionConfigurationPlatforms) = preSolution
		Debug|Any CPU = Debug|Any CPU
		Release|Any CPU = Release|Any CPU
	EndGlobalSection
	GlobalSection(ProjectConfigurationPlatforms) = postSolution
		{CB827154-1AA6-4FD1-953E-859ADEE5758E}.Debug|Any CPU.ActiveCfg = Debug|Any CPU
		{CB827154-1AA6-4FD1-953E-859ADEE5758E}.Debug|Any CPU.Build.0 = Debug|Any CPU
		{CB827154-1AA6-4FD1-953E-859ADEE5758E}.Release|Any CPU.ActiveCfg = Release|Any CPU
		{CB827154-1AA6-4FD1-953E-859ADEE5758E}.Release|Any CPU.Build.0 = Release|Any CPU
	EndGlobalSection
	GlobalSection(SolutionProperties) = preSolution
		HideSolutionNode = FALSE
	EndGlobalSection
	GlobalSection(ExtensibilityGlobals) = postSolution
		SolutionGuid = {BB4AB47C-D375-4541-A056-3C246220DB43}
	EndGlobalSection
EndGlobal
